
Microsoft Visual Studio Solution File, Format Version 12.00
# Visual Studio Version 17
VisualStudioVersion = 17.8.34408.163
MinimumVisualStudioVersion = 10.0.40219.1
Project("{2150E333-8FDC-42A3-9474-1A3956D46DE8}") = "Resources", "Resources", "{72AC4E1A-31F6-474A-A841-05322038485F}"
	ProjectSection(SolutionItems) = preProject
		Resources\ProgArchives2010.mdb = Resources\ProgArchives2010.mdb
		Resources\ProgArchives2010.sqlite = Resources\ProgArchives2010.sqlite
		Resources\ProgArchives2010.txt = Resources\ProgArchives2010.txt
	EndProjectSection
EndProject
Project("{9A19103F-16F7-4668-BE54-9A1E7A4F7556}") = "ProgArchivesCore", "ProgArchivesCore\ProgArchivesCore.csproj", "{6A70610F-7813-4F3C-93E4-A4A36ADDE054}"
EndProject
Project("{9A19103F-16F7-4668-BE54-9A1E7A4F7556}") = "ProgArchives", "ProgArchives\ProgArchives.csproj", "{85612F62-5493-4F43-9866-A322ED3355D8}"
EndProject
Project("{9A19103F-16F7-4668-BE54-9A1E7A4F7556}") = "WinFormsProgArchives", "WinFormsProgArchives\WinFormsProgArchives.csproj", "{D333B3EB-75FF-4EE6-8015-1939C3D4ADDE}"
EndProject
Global
	GlobalSection(SolutionConfigurationPlatforms) = preSolution
		Debug|Any CPU = Debug|Any CPU
		Release|Any CPU = Release|Any CPU
	EndGlobalSection
	GlobalSection(ProjectConfigurationPlatforms) = postSolution
		{6A70610F-7813-4F3C-93E4-A4A36ADDE054}.Debug|Any CPU.ActiveCfg = Debug|Any CPU
		{6A70610F-7813-4F3C-93E4-A4A36ADDE054}.Debug|Any CPU.Build.0 = Debug|Any CPU
		{6A70610F-7813-4F3C-93E4-A4A36ADDE054}.Release|Any CPU.ActiveCfg = Release|Any CPU
		{6A70610F-7813-4F3C-93E4-A4A36ADDE054}.Release|Any CPU.Build.0 = Release|Any CPU
		{85612F62-5493-4F43-9866-A322ED3355D8}.Debug|Any CPU.ActiveCfg = Debug|Any CPU
		{85612F62-5493-4F43-9866-A322ED3355D8}.Debug|Any CPU.Build.0 = Debug|Any CPU
		{85612F62-5493-4F43-9866-A322ED3355D8}.Release|Any CPU.ActiveCfg = Release|Any CPU
		{85612F62-5493-4F43-9866-A322ED3355D8}.Release|Any CPU.Build.0 = Release|Any CPU
		{D333B3EB-75FF-4EE6-8015-1939C3D4ADDE}.Debug|Any CPU.ActiveCfg = Debug|Any CPU
		{D333B3EB-75FF-4EE6-8015-1939C3D4ADDE}.Debug|Any CPU.Build.0 = Debug|Any CPU
		{D333B3EB-75FF-4EE6-8015-1939C3D4ADDE}.Release|Any CPU.ActiveCfg = Release|Any CPU
		{D333B3EB-75FF-4EE6-8015-1939C3D4ADDE}.Release|Any CPU.Build.0 = Release|Any CPU
	EndGlobalSection
	GlobalSection(SolutionProperties) = preSolution
		HideSolutionNode = FALSE
	EndGlobalSection
	GlobalSection(ExtensibilityGlobals) = postSolution
		SolutionGuid = {E9162526-AE43-4DC2-909D-109A5E9702EF}
	EndGlobalSection
EndGlobal
